{
    "_meta": {
        "hash": {
            "sha256": "ac0b8115ba0f0dd50eb85fce3057742f5518e8e7f7737f3502d8c03f3ee412fd"
        },
        "pipfile-spec": 6,
        "requires": {
            "python_version": "3.11"
        },
        "sources": [
            {
                "name": "pypi",
                "url": "https://pypi.org/simple",
                "verify_ssl": true
            }
        ]
    },
    "default": {},
    "develop": {
        "astroid": {
            "hashes": [
                "sha256:1c00a14f5a3ed0339d38d2e2e5b74ea2591df5861c0936bb292b84ccf3a78d83",
                "sha256:72702205200b2a638358369d90c222d74ebc376787af8fb2f7f2a86f7b5cc85f"
            ],
            "markers": "python_full_version >= '3.7.2'",
            "version": "==2.12.12"
        },
        "black": {
            "hashes": [
                "sha256:0126ae5b7c09957da2bdbd91a9ba1207453feada9e9fe51992848658c6c8e01c",
                "sha256:0f76ff19ec5297dd8e66eb64deda23631e642c9393ab592826fd4bdc97a4bce7",
                "sha256:28ef38aee69e4b12fda8dba75e21f9b4f979b490c8ac0baa7cb505369ac9e1ff",
                "sha256:2bd5aa94fc267d38bb21a70d7410a89f1a1d318841855f698746f8e7f51acd1b",
                "sha256:2c50f5063a9641c7eed7795014ba37b0f5fa227f3d408b968936e24bc0566b07",
                "sha256:2d6bfaf7fd0993b420bed691f20f9492d53ce9a2bcccea4b797d34e947318a78",
                "sha256:41cd2012d35b47d589cb8a16faf8a32ef7a336f56356babd9fcf70939ad1897f",
                "sha256:474c27574d6d7037c1bc875a81d9be0a9a4f9ee95e62800dab3cfaadbf75acd5",
                "sha256:5602bdb96d52d2d0672f24f6ffe5218795736dd34807fd0fd55ccd6bf206168b",
                "sha256:5e9d0d86df21f2e1677cc4bd090cd0e446278bcbbe49bf3659c308c3e402843e",
                "sha256:5ed0ca58586c8d9a487352a96b15272b7fa55d139fc8496b519e78023a8dab0a",
                "sha256:6c54a4a82e291a1fee5137371ab488866b7c86a3305af4026bdd4dc78642e1ac",
                "sha256:6e131579c243c98f35bce64a7e08e87fb2d610544754675d4a0e73a070a5aa3a",
                "sha256:855822d90f884905362f602880ed8b5df1b7e3ee7d0db2502d4388a954cc8c54",
                "sha256:86a8b5035fce64f5dcd1b794cf8ec4d31fe458cf6ce3986a30deb434df82a1d2",
                "sha256:8a33d657f3276328ce00e4d37fe70361e1ec7614da5d7b6e78de5426cb56332f",
                "sha256:92c0ec1f2cc149551a2b7b47efc32c866406b6891b0ee4625e95967c8f4acfb1",
                "sha256:9a5e9f45e5d5e1c5b5c29b3bd4265dcc90e8b92cf4534520896ed77f791f4da5",
                "sha256:afc622538b430aa4c8c853f7f63bc582b3b8030fd8c80b70fb5fa5b834e575c2",
                "sha256:b07fc0dab849d24a80a29cfab8d8a19187d1c4685d8a5e6385a5ce323c1f015f",
                "sha256:b5e6f89631eb88a7302d416594a32faeee9fb8fb848290da9d0a5f2903519fc1",
                "sha256:bf9bf162ed91a26f1adba8efda0b573bc6924ec1408a52cc6f82cb73ec2b142c",
                "sha256:c7e72339f841b5a237ff14f7d3880ddd0fc7f98a1199e8c4327f9a4f478c1839",
                "sha256:ddb113db38838eb9f043623ba274cfaf7d51d5b0c22ecb30afe58b1bb8322983",
                "sha256:dfdd51fc3e64ea4f35873d1b3fb25326773d55d2329ff8449139ebaad7357efb",
                "sha256:f1cd08e99d2f9317292a311dfe578fd2a24b15dbce97792f9c4d752275c1fa56",
                "sha256:f89f2ab047c76a9c03f78d0d66ca519e389519902fa27e7a91117ef7611c0568"
            ],
            "index": "pypi",
            "markers": "python_version >= '3.10'",
            "version": "==26.3.1"
        },
        "click": {
            "hashes": [
                "sha256:12ff4785d337a1bb490bb7e9c2b1ee5da3112e94a8622f26a6c77f5d2fc6842a",
                "sha256:981153a64e25f12d547d3426c367a4857371575ee7ad18df2a6183ab0545b2a6"
            ],
            "markers": "python_version >= '3.10'",
            "version": "==8.3.1"
        },
        "dill": {
            "hashes": [
                "sha256:a07ffd2351b8c678dfc4a856a3005f8067aea51d6ba6c700796a4d9e280f39f0",
                "sha256:e5db55f3687856d8fbdab002ed78544e1c4559a130302693d839dfe8f93f2373"
            ],
            "markers": "python_version >= '3.7'",
            "version": "==0.3.6"
        },
        "greenlet": {
            "hashes": [
                "sha256:0109af1138afbfb8ae647e31a2b1ab030f58b21dd8528c27beaeb0093b7938a9",
                "sha256:04957dc96669be041e0c260964cfef4c77287f07c40452e61abe19d647505581",
                "sha256:0722c9be0797f544a3ed212569ca3fe3d9d1a1b13942d10dd6f0e8601e484d26",
                "sha256:097e3dae69321e9100202fc62977f687454cd0ea147d0fd5a766e57450c569fd",
                "sha256:0b493db84d124805865adc587532ebad30efa68f79ad68f11b336e0a51ec86c2",
                "sha256:13ba6e8e326e2116c954074c994da14954982ba2795aebb881c07ac5d093a58a",
                "sha256:13ebf93c343dd8bd010cd98e617cb4c1c1f352a0cf2524c82d3814154116aa82",
                "sha256:1407fe45246632d0ffb7a3f4a520ba4e6051fc2cbd61ba1f806900c27f47706a",
                "sha256:1bf633a50cc93ed17e494015897361010fc08700d92676c87931d3ea464123ce",
                "sha256:2d0bac0385d2b43a7bd1d651621a4e0f1380abc63d6fb1012213a401cbd5bf8f",
                "sha256:3001d00eba6bbf084ae60ec7f4bb8ed375748f53aeaefaf2a37d9f0370558524",
                "sha256:356e4519d4dfa766d50ecc498544b44c0249b6de66426041d7f8b751de4d6b48",
                "sha256:38255a3f1e8942573b067510f9611fc9e38196077b0c8eb7a8c795e105f9ce77",
                "sha256:3d75b8d013086b08e801fbbb896f7d5c9e6ccd44f13a9241d2bf7c0df9eda928",
                "sha256:41b825d65f31e394b523c84db84f9383a2f7eefc13d987f308f4663794d2687e",
                "sha256:42e602564460da0e8ee67cb6d7236363ee5e131aa15943b6670e44e5c2ed0f67",
                "sha256:4aeaebcd91d9fee9aa768c1b39cb12214b30bf36d2b7370505a9f2165fedd8d9",
                "sha256:4c8b1c43e75c42a6cafcc71defa9e01ead39ae80bd733a2608b297412beede68",
                "sha256:4d37990425b4687ade27810e3b1a1c37825d242ebc275066cfee8cb6b8829ccd",
                "sha256:4f09b0010e55bec3239278f642a8a506b91034f03a4fb28289a7d448a67f1515",
                "sha256:505138d4fa69462447a562a7c2ef723c6025ba12ac04478bc1ce2fcc279a2db5",
                "sha256:5067920de254f1a2dee8d3d9d7e4e03718e8fd2d2d9db962c8c9fa781ae82a39",
                "sha256:56961cfca7da2fdd178f95ca407fa330c64f33289e1804b592a77d5593d9bd94",
                "sha256:5a8e05057fab2a365c81abc696cb753da7549d20266e8511eb6c9d9f72fe3e92",
                "sha256:659f167f419a4609bc0516fb18ea69ed39dbb25594934bd2dd4d0401660e8a1e",
                "sha256:6f61d71bbc9b4a3de768371b210d906726535d6ca43506737682caa754b956cd",
                "sha256:72b00a8e7c25dcea5946692a2485b1a0c0661ed93ecfedfa9b6687bd89a24ef5",
                "sha256:811e1d37d60b47cb8126e0a929b58c046251f28117cb16fcd371eed61f66b764",
                "sha256:81b0ea3715bf6a848d6f7149d25bf018fd24554a4be01fcbbe3fdc78e890b955",
                "sha256:88c8d517e78acdf7df8a2134a3c4b964415b575d2840a2746ddb1cc6175f8608",
                "sha256:8dca09dedf1bd8684767bc736cc20c97c29bc0c04c413e3276e0962cd7aeb148",
                "sha256:974a39bdb8c90a85982cdb78a103a32e0b1be986d411303064b28a80611f6e51",
                "sha256:9e112e03d37987d7b90c1e98ba5e1b59e1645226d78d73282f45b326f7bddcb9",
                "sha256:9e9744c657d896c7b580455e739899e492a4a452e2dd4d2b3e459f6b244a638d",
                "sha256:9ed358312e63bf683b9ef22c8e442ef6c5c02973f0c2a939ec1d7b50c974015c",
                "sha256:9f2c221eecb7ead00b8e3ddb913c67f75cba078fd1d326053225a3f59d850d72",
                "sha256:a20d33124935d27b80e6fdacbd34205732660e0a1d35d8b10b3328179a2b51a1",
                "sha256:a4c0757db9bd08470ff8277791795e70d0bf035a011a528ee9a5ce9454b6cba2",
                "sha256:afe07421c969e259e9403c3bb658968702bc3b78ec0b6fde3ae1e73440529c23",
                "sha256:b1992ba9d4780d9af9726bbcef6a1db12d9ab1ccc35e5773685a24b7fb2758eb",
                "sha256:b23d2a46d53210b498e5b701a1913697671988f4bf8e10f935433f6e7c332fb6",
                "sha256:b5e83e4de81dcc9425598d9469a624826a0b1211380ac444c7c791d4a2137c19",
                "sha256:be35822f35f99dcc48152c9839d0171a06186f2d71ef76dc57fa556cc9bf6b45",
                "sha256:be9e0fb2ada7e5124f5282d6381903183ecc73ea019568d6d63d33f25b2a9000",
                "sha256:c140e7eb5ce47249668056edf3b7e9900c6a2e22fb0eaf0513f18a1b2c14e1da",
                "sha256:c6a08799e9e88052221adca55741bf106ec7ea0710bca635c208b751f0d5b617",
                "sha256:cb242fc2cda5a307a7698c93173d3627a2a90d00507bccf5bc228851e8304963",
                "sha256:cce1e90dd302f45716a7715517c6aa0468af0bf38e814ad4eab58e88fc09f7f7",
                "sha256:cd4ccc364cf75d1422e66e247e52a93da6a9b73cefa8cad696f3cbbb75af179d",
                "sha256:d21681f09e297a5adaa73060737e3aa1279a13ecdcfcc6ef66c292cb25125b2d",
                "sha256:d566b82e92ff2e09dd6342df7e0eb4ff6275a3f08db284888dcd98134dbd4243",
                "sha256:d5b0ff9878333823226d270417f24f4d06f235cb3e54d1103b71ea537a6a86ce",
                "sha256:d6ee1aa7ab36475035eb48c01efae87d37936a8173fc4d7b10bb02c2d75dd8f6",
                "sha256:db38f80540083ea33bdab614a9d28bcec4b54daa5aff1668d7827a9fc769ae0a",
                "sha256:ea688d11707d30e212e0110a1aac7f7f3f542a259235d396f88be68b649e47d1",
                "sha256:f6327b6907b4cb72f650a5b7b1be23a2aab395017aa6f1adb13069d66360eb3f",
                "sha256:fb412b7db83fe56847df9c47b6fe3f13911b06339c2aa02dcc09dce8bbf582cd"
            ],
            "markers": "python_version >= '2.7' and python_version not in '3.0, 3.1, 3.2, 3.3, 3.4'",
            "version": "==2.0.1"
        },
        "isort": {
            "hashes": [
                "sha256:6f62d78e2f89b4500b080fe3a81690850cd254227f27f75c3a0c491a1f351ba7",
                "sha256:e8443a5e7a020e9d7f97f1d7d9cd17c88bcb3bc7e218bf9cf5095fe550be2951"
            ],
            "markers": "python_full_version >= '3.6.1' and python_version < '4.0'",
            "version": "==5.10.1"
        },
        "lazy-object-proxy": {
            "hashes": [
                "sha256:0c1c7c0433154bb7c54185714c6929acc0ba04ee1b167314a779b9025517eada",
                "sha256:14010b49a2f56ec4943b6cf925f597b534ee2fe1f0738c84b3bce0c1a11ff10d",
                "sha256:4e2d9f764f1befd8bdc97673261b8bb888764dfdbd7a4d8f55e4fbcabb8c3fb7",
                "sha256:4fd031589121ad46e293629b39604031d354043bb5cdf83da4e93c2d7f3389fe",
                "sha256:5b51d6f3bfeb289dfd4e95de2ecd464cd51982fe6f00e2be1d0bf94864d58acd",
                "sha256:6850e4aeca6d0df35bb06e05c8b934ff7c533734eb51d0ceb2d63696f1e6030c",
                "sha256:6f593f26c470a379cf7f5bc6db6b5f1722353e7bf937b8d0d0b3fba911998858",
                "sha256:71d9ae8a82203511a6f60ca5a1b9f8ad201cac0fc75038b2dc5fa519589c9288",
                "sha256:7e1561626c49cb394268edd00501b289053a652ed762c58e1081224c8d881cec",
                "sha256:8f6ce2118a90efa7f62dd38c7dbfffd42f468b180287b748626293bf12ed468f",
                "sha256:ae032743794fba4d171b5b67310d69176287b5bf82a21f588282406a79498891",
                "sha256:afcaa24e48bb23b3be31e329deb3f1858f1f1df86aea3d70cb5c8578bfe5261c",
                "sha256:b70d6e7a332eb0217e7872a73926ad4fdc14f846e85ad6749ad111084e76df25",
                "sha256:c219a00245af0f6fa4e95901ed28044544f50152840c5b6a3e7b2568db34d156",
                "sha256:ce58b2b3734c73e68f0e30e4e725264d4d6be95818ec0a0be4bb6bf9a7e79aa8",
                "sha256:d176f392dbbdaacccf15919c77f526edf11a34aece58b55ab58539807b85436f",
                "sha256:e20bfa6db17a39c706d24f82df8352488d2943a3b7ce7d4c22579cb89ca8896e",
                "sha256:eac3a9a5ef13b332c059772fd40b4b1c3d45a3a2b05e33a361dee48e54a4dad0",
                "sha256:eb329f8d8145379bf5dbe722182410fe8863d186e51bf034d2075eb8d85ee25b"
            ],
            "markers": "python_version >= '3.7'",
            "version": "==1.8.0"
        },
        "mccabe": {
            "hashes": [
                "sha256:348e0240c33b60bbdf4e523192ef919f28cb2c3d7d5c7794f74009290f236325",
                "sha256:6c2d30ab6be0e4a46919781807b4f0d834ebdd6c6e3dca0bda5a15f863427b6e"
            ],
            "markers": "python_version >= '3.6'",
            "version": "==0.7.0"
        },
        "msgpack": {
            "hashes": [
                "sha256:01e2dd6c9b19d333a00282330cc8a73d38d8dabc306dc5b42cd668c3ac82e833",
                "sha256:020e881a764b20d8d7ca1a54fc01b8175519d108e3c3f194fddc200bda95951a",
                "sha256:04c721c2c7448767e9e3f2520a475663d8ee0f09c31890f6d2bd70fd636a9647",
                "sha256:05f340e47e7e47d2da8db9b53e1bb1d294369e9ef45a747441309f6650b8351d",
                "sha256:0a70e3cf2804a300d921bb0940426e35f4e489a23adfb77a808892241db0a064",
                "sha256:0adcf06ffde0777c0e1a9b771a2b1c4226ba1bbf748c8efcc02fcdeca3299107",
                "sha256:0c0d9802354507bcba62af19c17918e3eb437cc25e6f50657d511b5856a77aac",
                "sha256:0e2bf9280bceb5efca998435904b5d3e9fdbcc11d90dc9df30aec7973252b720",
                "sha256:1233ee2dd0cefba127583de50ea654677277047d238303521db35def3d7b2e7c",
                "sha256:146ee4e9ce80b365c6d4c47073da9da7bcec473e58194ceee5dd7620ace77e06",
                "sha256:1548006a91aa93c5da81f3bdcebc1a0d10cea2d25969754fbe848da622b2b895",
                "sha256:196300e7e5d6e74d50f1607ab9c06c4a1484c383cd22defd727902591f7e8dde",
                "sha256:1dabedcd0f23559f3596428c6589c1cd8c6eaed3a0d720795b07b0225d769203",
                "sha256:20466cca18c49c7292a8984bc15d65857b171e7264bdcb5f96baf8be238791fc",
                "sha256:298872ecf9e61950f1c6af4ca969b859ee91783bb920ef6e6172697d0c8aad74",
                "sha256:29a3f6e9667868429d8240dfd063ea5ffdc1321c13d783aa23827a38de0dcb22",
                "sha256:2eda0b7ebb1283a98d3e4492ac933c8af6aff59fd3df1c3ed024f536af4b1dc8",
                "sha256:2ef59c659f289eddf8aa6623823f19fa2f40a4029266889eac7a2505dd210c35",
                "sha256:2ff164c1b0bcb740b073b99e945234d0212852fa378e44a208c425379140dbeb",
                "sha256:33f14fba63278b714efe6ad07e50ea5f03d91537aa6a1c5f1ceca4cf44013ca9",
                "sha256:350cb813d0af6e65d2f7ef0d729f7ff5be5a8bce03665892f43e5883d4ecc1b8",
                "sha256:4202c74688ca06591f78cb18988228bd4cca2cc75d57b60008372892d2f1e6e6",
                "sha256:4227224aaec8f7fbcbfbd4272319347b2bb4030366502600f8c45588c5187b07",
                "sha256:491cc39455ca765fad51fb451bf2915eb2cf41192ab5801ce8d67c1d614fe056",
                "sha256:575957e79cd51903a4e8495a242442949641e08f1efd5197b43bebd3ea7682b4",
                "sha256:5ad5467fc3f68b5468e06c5f788d712e9f8ffc8b0cd1bcb160c105c1ee92dae7",
                "sha256:5bb9c386f0a329c035ddbab4b72d1028bf9627add8dda41070288563d57ed1b1",
                "sha256:5c24aa15d5963051e1a5c62b12c50cd705992502b5ec1f3bece6046f33c9fc24",
                "sha256:5f6277e5f783c36786a145e0247fc189a03f35f84b251646e53592d2bc12b355",
                "sha256:60926b75d00c8e816ef98f3034f484a8bc64242d66839cef4cf7e503142316a0",
                "sha256:633727297ed063441fd1cda2288865487f33ad14eeb8831afb5f0c396a62cfce",
                "sha256:67f6dd22fa72a93752643f07889796d62739a13415ee630169a8ce764f86cf9f",
                "sha256:6d09badf350af2be9d189184e04e64cf54ad93569ab3d96fca58bd3e84aad707",
                "sha256:6ee967f7c7e1df2890c671ff2ee51a28ded0efc95da3e507176dee881ce36c66",
                "sha256:74847557e28ce71bd3c438a447ca90e4b507e997ddbdef8a12a7b283b86c156b",
                "sha256:779197a6513bab3c3632265e3d0f7cb3227e62510841a6f34f1eaa37efbb345e",
                "sha256:787c9bebb5833e8f6fc8abca3c0597683d8d87f56a8842b6b89c75a5f3176e2d",
                "sha256:7d31c0ac0c640f877804c67cb2bc9f4e23dc2db97e96c2e67fa27d38283b41f8",
                "sha256:810b916696c86ef0deb3b74588480224df4c1b071136c34183e4a2a4284d7ac7",
                "sha256:83efa1c898e0fc5380fc0cabbf75164c52e3b5cbb45973710d75821928380c73",
                "sha256:85f57e960d877f2977f6430896191b04a21f8901b3b4baf2e4604329f4db5402",
                "sha256:8b267ce94efb76fbd1b3373511420074ee3187f0f7811bf394531de13294735a",
                "sha256:8c2ed1e48cc0f460bf3c7780e7137ff21a4e18433451916f2442c1b21036cd7d",
                "sha256:8c7b398c56ff125feae96c2737abfec5595f1fa0aa186df60c56040b8accb95c",
                "sha256:8d00f177ca88a77c1cf848d204a38f249751650b601cb6532acc68805d8a8273",
                "sha256:8ff92d7feeaf5bc26c51495b69e2f99ed97ab79346fb6555f44be7dd2ac6503b",
                "sha256:91054a783328e0ea7954b8771095705c8d2243b814743fbaadf14552c9c52c5d",
                "sha256:98b58bdb89c46190e4609bb36abe17c6d4105ad13f9c5f8f6f64d320f8ced3fb",
                "sha256:a28d076ca7c82b9c8728ad90b7147489449557038bed50e4241eb832395169b4",
                "sha256:aa6c4be5d1c02a42b066ca6ddb71adf36432868fdcdb6ee87e634e86e0674190",
                "sha256:aded5bdf32609dc7987a49bbbd15a8ef096193f96dd8bbeb791de729e650acf5",
                "sha256:afc5febcd4c99effbc02b528e49d6fd0760b2b7d48c05239e345a5fa6e743d9a",
                "sha256:b50b727bd652bdc37d950336c848ef20ec54a4cafc38dce19b1cd86ad625d0f7",
                "sha256:c1c79a604a2969a868a78b6ebd27a887e00c624f14f66b3038e0590cb23332d1",
                "sha256:ca0dacff965c47afdc3749a8469d7302a8f801d6a28758d55120d75e66ce6889",
                "sha256:d3567748a5107cb40cdf66a275430c2f87c07777698f4bfd25c35f44d533258c",
                "sha256:dc871b997a9370d855b7394465f2f350e847a5b806dd38dcc9c989e7d87da155",
                "sha256:dd3bfe82d53edfe4b7fc9a7ec9761e23a7a5b1dac22264505af428253c29ed24",
                "sha256:e3dc2feb0876209d9c38aa56cb1de169bd6c4348f1aa48271f241226590993e6",
                "sha256:e4f1d0f8f98ade9634e01fb704a408f9336c0a8f1117b369f5db83dc7551d8b1",
                "sha256:ec0e675d59150a6269ddc9139087c722292664a37d071a849c05c473350f1f2d",
                "sha256:ee1d9ed27d0497b848923746cf762ed2e7db24f4be7eec8e5cbe8c766aa707b7",
                "sha256:f02cf17a6ca1abe29b5f980644f7551f94d71f2011509b26d8625ce038f0df64",
                "sha256:f12038a35fabd52e56a3547bab42401af49a45caa6dd00b34c44de235bc93ee2",
                "sha256:f310233ef7fb9c14e201c93639fe5f5260b005f56f0b29048e999c30935596cc",
                "sha256:f9389552ecf4784886345ead0647e4edc96bee37cbab05b75540f542f766c48c"
            ],
            "index": "pypi",
            "markers": "python_version >= '3.10'",
            "version": "==1.2.1"
        },
        "mypy": {
            "hashes": [
                "sha256:0680389c34284287fe00e82fc8bccdea9aff318f7e7d55b90d967a13a9606013",
                "sha256:1767830da2d1afa4e62b684647af0ff79b401f004d7fa08bc5b0ce2d45bcd5ec",
                "sha256:1ee5f99817ee70254e7eb5cf97c1b11dda29c6893d846c8b07bce449184e9466",
                "sha256:262c543ef24deb10470a3c1c254bb986714e2b6b1a67d66daf836a548a9f316c",
                "sha256:269f0dfb6463b8780333310ff4b5134425157ef0d2b1d614015adaf6d6a7eabd",
                "sha256:2a3150d409609a775c8cb65dbe305c4edd7fe576c22ea79d77d1454acd9aeda8",
                "sha256:2b6f85c2ad378e3224e017904a051b26660087b3b76490d533b7344f1546d3ff",
                "sha256:3227f14fe943524f5794679156488f18bf8d34bfecd4623cf76bc55958d229c5",
                "sha256:3ff201a0c6d3ea029d73b1648943387d75aa052491365b101f6edd5570d018ea",
                "sha256:46897755f944176fbc504178422a5a2875bbf3f7436727374724842c0987b5af",
                "sha256:47a9955214615108c3480a500cfda8513a0b1cd3c09a1ed42764ca0dd7b931dd",
                "sha256:49082382f571c3186ce9ea0bd627cb1345d4da8d44a8377870f4442401f0a706",
                "sha256:4a8a6c10f4c63fbf6ad6c03eba22c9331b3946a4cec97f008e9ffb4d3b31e8e2",
                "sha256:6826d9c4d85bbf6d68cb279b561de6a4d8d778ca8e9ab2d00ee768ab501a9852",
                "sha256:72382cb609142dba3f04140d016c94b4092bc7b4d98ca718740dc989e5271b8d",
                "sha256:7da0005e47975287a92b43276e460ac1831af3d23032c34e67d003388a0ce8d0",
                "sha256:8798c8ed83aa809f053abff08664bdca056038f5a02af3660de00b7290b64c47",
                "sha256:8f1940325a8ed460ba03d19ab83742260fa9534804c317224e5d4e5aa588e2d6",
                "sha256:8f694d6d09a460b117dccb6857dda269188e3437c880d7b60fa0014fa872d1e9",
                "sha256:9b8f4a8213b1fd4b751e26b59ae0e0c12896568d7e805861035c7a15ed6dc9eb",
                "sha256:9d851c09b981a65d9d283a8ccb5b1d0b698e580493416a10942ef1a04b19fd37",
                "sha256:aaf1be63e0207d7d17be942dcf9a6b641745581fe6c64df9a38deb562a7dbafa",
                "sha256:aba38e3dd66bdbafbbfe9c6e79637841928ea4c79b32e334099463c17b0d90ef",
                "sha256:b08541a06eed35b543ae1a6b301590eb61826a1eb099417676ddc5a42aa151c5",
                "sha256:be88d665e76b452c26fb2bdc3d54555c01226fba062b004ede780b190a50f9db",
                "sha256:c76c769c46a1e6062a84837badcb2a7b0cdb153d68601a61f60739c37d41cc74",
                "sha256:cc6019808580565040cd2a561b593d7c3c646badd7e580e07d875eb1bf35c695",
                "sha256:cd2dd3730ba894ec2a2082cc703fbf3e95a08479f7be84912e3131fc68809d46",
                "sha256:d555aa7f44cecb7ea3c0ac69d58b1a5afb92caa017285a8e9c4efbf0518b61b4",
                "sha256:d847dd23540e2912d9667602271e5ebf25e5788e7da46da5ffd98e7872616e8e"
            ],
            "index": "pypi",
            "version": "==0.990"
        },
        "mypy-extensions": {
            "hashes": [
                "sha256:1be4cccdb0f2482337c4743e60421de3a356cd97508abadd57d47403e94f5505",
                "sha256:52e68efc3284861e772bbcd66823fde5ae21fd2fdb51c62a211403730b916558"
            ],
            "markers": "python_version >= '3.8'",
            "version": "==1.1.0"
        },
        "packaging": {
            "hashes": [
                "sha256:00243ae351a257117b6a241061796684b084ed1c516a08c48a3f7e147a9d80b4",
                "sha256:b36f1fef9334a5588b4166f8bcd26a14e521f2b55e6b9de3aaa80d3ff7a37529"
            ],
            "markers": "python_version >= '3.8'",
            "version": "==26.0"
        },
        "pathspec": {
            "hashes": [
                "sha256:0210e2ae8a21a9137c0d470578cb0e595af87edaa6ebf12ff176f14a02e0e645",
                "sha256:fb6ae2fd4e7c921a165808a552060e722767cfa526f99ca5156ed2ce45a5c723"
            ],
            "markers": "python_version >= '3.9'",
            "version": "==1.0.4"
        },
        "platformdirs": {
            "hashes": [
                "sha256:1ec356301b7dc906d83f371c8f487070e99d3ccf9e501686456394622a01a934",
                "sha256:68a9a4619a666ea6439f2ff250c12a853cd1cbd5158d258bd824a7df6be2f868"
            ],
            "markers": "python_version >= '3.10'",
            "version": "==4.9.4"
        },
        "pylint": {
            "hashes": [
                "sha256:3b120505e5af1d06a5ad76b55d8660d44bf0f2fc3c59c2bdd94e39188ee3a4df",
                "sha256:c2108037eb074334d9e874dc3c783752cc03d0796c88c9a9af282d0f161a1004"
            ],
            "index": "pypi",
            "version": "==2.15.5"
        },
        "pynvim": {
            "hashes": [
                "sha256:3a795378bde5e8092fbeb3a1a99be9c613d2685542f1db0e5c6fd467eed56dff"
            ],
            "index": "pypi",
            "version": "==0.4.3"
        },
        "pyparsing": {
            "hashes": [
                "sha256:2b020ecf7d21b687f219b71ecad3631f644a47f01403fa1d1036b0c6416d70fb",
                "sha256:5026bae9a10eeaefb61dab2f09052b9f4307d44aee4eda64b309723d8d206bbc"
            ],
            "markers": "python_full_version >= '3.6.8'",
            "version": "==3.0.9"
        },
        "pytokens": {
            "hashes": [
                "sha256:0fc71786e629cef478cbf29d7ea1923299181d0699dbe7c3c0f4a583811d9fc1",
                "sha256:11edda0942da80ff58c4408407616a310adecae1ddd22eef8c692fe266fa5009",
                "sha256:140709331e846b728475786df8aeb27d24f48cbcf7bcd449f8de75cae7a45083",
                "sha256:24afde1f53d95348b5a0eb19488661147285ca4dd7ed752bbc3e1c6242a304d1",
                "sha256:26cef14744a8385f35d0e095dc8b3a7583f6c953c2e3d269c7f82484bf5ad2de",
                "sha256:27b83ad28825978742beef057bfe406ad6ed524b2d28c252c5de7b4a6dd48fa2",
                "sha256:292052fe80923aae2260c073f822ceba21f3872ced9a68bb7953b348e561179a",
                "sha256:29d1d8fb1030af4d231789959f21821ab6325e463f0503a61d204343c9b355d1",
                "sha256:2a44ed93ea23415c54f3face3b65ef2b844d96aeb3455b8a69b3df6beab6acc5",
                "sha256:30f51edd9bb7f85c748979384165601d028b84f7bd13fe14d3e065304093916a",
                "sha256:34bcc734bd2f2d5fe3b34e7b3c0116bfb2397f2d9666139988e7a3eb5f7400e3",
                "sha256:3ad72b851e781478366288743198101e5eb34a414f1d5627cdd585ca3b25f1db",
                "sha256:3f901fe783e06e48e8cbdc82d631fca8f118333798193e026a50ce1b3757ea68",
                "sha256:42f144f3aafa5d92bad964d471a581651e28b24434d184871bd02e3a0d956037",
                "sha256:4a14d5f5fc78ce85e426aa159489e2d5961acf0e47575e08f35584009178e321",
                "sha256:4a58d057208cb9075c144950d789511220b07636dd2e4708d5645d24de666bdc",
                "sha256:4e691d7f5186bd2842c14813f79f8884bb03f5995f0575272009982c5ac6c0f7",
                "sha256:5502408cab1cb18e128570f8d598981c68a50d0cbd7c61312a90507cd3a1276f",
                "sha256:584c80c24b078eec1e227079d56dc22ff755e0ba8654d8383b2c549107528918",
                "sha256:5ad948d085ed6c16413eb5fec6b3e02fa00dc29a2534f088d3302c47eb59adf9",
                "sha256:670d286910b531c7b7e3c0b453fd8156f250adb140146d234a82219459b9640c",
                "sha256:682fa37ff4d8e95f7df6fe6fe6a431e8ed8e788023c6bcc0f0880a12eab80ad1",
                "sha256:6d6c4268598f762bc8e91f5dbf2ab2f61f7b95bdc07953b602db879b3c8c18e1",
                "sha256:79fc6b8699564e1f9b521582c35435f1bd32dd06822322ec44afdeba666d8cb3",
                "sha256:8bdb9d0ce90cbf99c525e75a2fa415144fd570a1ba987380190e8b786bc6ef9b",
                "sha256:8fcb9ba3709ff77e77f1c7022ff11d13553f3c30299a9fe246a166903e9091eb",
                "sha256:941d4343bf27b605e9213b26bfa1c4bf197c9c599a9627eb7305b0defcfe40c1",
                "sha256:967cf6e3fd4adf7de8fc73cd3043754ae79c36475c1c11d514fc72cf5490094a",
                "sha256:970b08dd6b86058b6dc07efe9e98414f5102974716232d10f32ff39701e841c4",
                "sha256:97f50fd18543be72da51dd505e2ed20d2228c74e0464e4262e4899797803d7fa",
                "sha256:9bd7d7f544d362576be74f9d5901a22f317efc20046efe2034dced238cbbfe78",
                "sha256:add8bf86b71a5d9fb5b89f023a80b791e04fba57960aa790cc6125f7f1d39dfe",
                "sha256:b35d7e5ad269804f6697727702da3c517bb8a5228afa450ab0fa787732055fc9",
                "sha256:b49750419d300e2b5a3813cf229d4e5a4c728dae470bcc89867a9ad6f25a722d",
                "sha256:d31b97b3de0f61571a124a00ffe9a81fb9939146c122c11060725bd5aea79975",
                "sha256:d70e77c55ae8380c91c0c18dea05951482e263982911fc7410b1ffd1dadd3440",
                "sha256:d9907d61f15bf7261d7e775bd5d7ee4d2930e04424bab1972591918497623a16",
                "sha256:da5baeaf7116dced9c6bb76dc31ba04a2dc3695f3d9f74741d7910122b456edc",
                "sha256:dc74c035f9bfca0255c1af77ddd2d6ae8419012805453e4b0e7513e17904545d",
                "sha256:dcafc12c30dbaf1e2af0490978352e0c4041a7cde31f4f81435c2a5e8b9cabb6",
                "sha256:ee44d0f85b803321710f9239f335aafe16553b39106384cef8e6de40cb4ef2f6",
                "sha256:f66a6bbe741bd431f6d741e617e0f39ec7257ca1f89089593479347cc4d13324"
            ],
            "markers": "python_version >= '3.8'",
            "version": "==0.4.1"
        },
        "pytoolconfig": {
            "hashes": [
                "sha256:2512a1f261a40e73cef2e58e786184261b60c802ae7ed01249342b1949ec3aa2",
                "sha256:825d97b052e58b609c2684b04efeb543075588d33a4916a6dc2ae39676458c7d"
            ],
            "markers": "python_version >= '3.7'",
            "version": "==1.2.2"
        },
        "rope": {
            "hashes": [
                "sha256:27c122389fa5cdffa00c24aa6c63704e0933650dbc7d4d4002537947d6cfb7b7",
                "sha256:7d5a34235ff4a242b71f249b5617a9c54112e145ba4701a41e2f4f96942e5899"
            ],
            "index": "pypi",
            "version": "==1.4.0"
        },
        "tomlkit": {
            "hashes": [
                "sha256:07de26b0d8cfc18f871aec595fda24d95b08fef89d147caa861939f37230bf4b",
                "sha256:71b952e5721688937fb02cf9d354dbcf0785066149d2855e44531ebdd2b65d73"
            ],
            "markers": "python_version >= '3.6'",
            "version": "==0.11.6"
        },
        "typing-extensions": {
            "hashes": [
                "sha256:1511434bb92bf8dd198c12b1cc812e800d4181cfcb867674e0f8279cc93087aa",
                "sha256:16fa4864408f655d35ec496218b85f79b3437c829e93320c7c9215ccfd92489e"
            ],
            "markers": "python_version >= '3.7'",
            "version": "==4.4.0"
        },
        "wrapt": {
            "hashes": [
                "sha256:00b6d4ea20a906c0ca56d84f93065b398ab74b927a7a3dbd470f6fc503f95dc3",
                "sha256:01c205616a89d09827986bc4e859bcabd64f5a0662a7fe95e0d359424e0e071b",
                "sha256:02b41b633c6261feff8ddd8d11c711df6842aba629fdd3da10249a53211a72c4",
                "sha256:07f7a7d0f388028b2df1d916e94bbb40624c59b48ecc6cbc232546706fac74c2",
                "sha256:11871514607b15cfeb87c547a49bca19fde402f32e2b1c24a632506c0a756656",
                "sha256:1b376b3f4896e7930f1f772ac4b064ac12598d1c38d04907e696cc4d794b43d3",
                "sha256:21ac0156c4b089b330b7666db40feee30a5d52634cc4560e1905d6529a3897ff",
                "sha256:257fd78c513e0fb5cdbe058c27a0624c9884e735bbd131935fd49e9fe719d310",
                "sha256:2b39d38039a1fdad98c87279b48bc5dce2c0ca0d73483b12cb72aa9609278e8a",
                "sha256:2cf71233a0ed05ccdabe209c606fe0bac7379fdcf687f39b944420d2a09fdb57",
                "sha256:2fe803deacd09a233e4762a1adcea5db5d31e6be577a43352936179d14d90069",
                "sha256:3232822c7d98d23895ccc443bbdf57c7412c5a65996c30442ebe6ed3df335383",
                "sha256:34aa51c45f28ba7f12accd624225e2b1e5a3a45206aa191f6f9aac931d9d56fe",
                "sha256:36f582d0c6bc99d5f39cd3ac2a9062e57f3cf606ade29a0a0d6b323462f4dd87",
                "sha256:380a85cf89e0e69b7cfbe2ea9f765f004ff419f34194018a6827ac0e3edfed4d",
                "sha256:40e7bc81c9e2b2734ea4bc1aceb8a8f0ceaac7c5299bc5d69e37c44d9081d43b",
                "sha256:43ca3bbbe97af00f49efb06e352eae40434ca9d915906f77def219b88e85d907",
                "sha256:4fcc4649dc762cddacd193e6b55bc02edca674067f5f98166d7713b193932b7f",
                "sha256:5a0f54ce2c092aaf439813735584b9537cad479575a09892b8352fea5e988dc0",
                "sha256:5a9a0d155deafd9448baff28c08e150d9b24ff010e899311ddd63c45c2445e28",
                "sha256:5b02d65b9ccf0ef6c34cba6cf5bf2aab1bb2f49c6090bafeecc9cd81ad4ea1c1",
                "sha256:60db23fa423575eeb65ea430cee741acb7c26a1365d103f7b0f6ec412b893853",
                "sha256:642c2e7a804fcf18c222e1060df25fc210b9c58db7c91416fb055897fc27e8cc",
                "sha256:6a9a25751acb379b466ff6be78a315e2b439d4c94c1e99cb7266d40a537995d3",
                "sha256:6b1a564e6cb69922c7fe3a678b9f9a3c54e72b469875aa8018f18b4d1dd1adf3",
                "sha256:6d323e1554b3d22cfc03cd3243b5bb815a51f5249fdcbb86fda4bf62bab9e164",
                "sha256:6e743de5e9c3d1b7185870f480587b75b1cb604832e380d64f9504a0535912d1",
                "sha256:709fe01086a55cf79d20f741f39325018f4df051ef39fe921b1ebe780a66184c",
                "sha256:7b7c050ae976e286906dd3f26009e117eb000fb2cf3533398c5ad9ccc86867b1",
                "sha256:7d2872609603cb35ca513d7404a94d6d608fc13211563571117046c9d2bcc3d7",
                "sha256:7ef58fb89674095bfc57c4069e95d7a31cfdc0939e2a579882ac7d55aadfd2a1",
                "sha256:80bb5c256f1415f747011dc3604b59bc1f91c6e7150bd7db03b19170ee06b320",
                "sha256:81b19725065dcb43df02b37e03278c011a09e49757287dca60c5aecdd5a0b8ed",
                "sha256:833b58d5d0b7e5b9832869f039203389ac7cbf01765639c7309fd50ef619e0b1",
                "sha256:88bd7b6bd70a5b6803c1abf6bca012f7ed963e58c68d76ee20b9d751c74a3248",
                "sha256:8ad85f7f4e20964db4daadcab70b47ab05c7c1cf2a7c1e51087bfaa83831854c",
                "sha256:8c0ce1e99116d5ab21355d8ebe53d9460366704ea38ae4d9f6933188f327b456",
                "sha256:8d649d616e5c6a678b26d15ece345354f7c2286acd6db868e65fcc5ff7c24a77",
                "sha256:903500616422a40a98a5a3c4ff4ed9d0066f3b4c951fa286018ecdf0750194ef",
                "sha256:9736af4641846491aedb3c3f56b9bc5568d92b0692303b5a305301a95dfd38b1",
                "sha256:988635d122aaf2bdcef9e795435662bcd65b02f4f4c1ae37fbee7401c440b3a7",
                "sha256:9cca3c2cdadb362116235fdbd411735de4328c61425b0aa9f872fd76d02c4e86",
                "sha256:9e0fd32e0148dd5dea6af5fee42beb949098564cc23211a88d799e434255a1f4",
                "sha256:9f3e6f9e05148ff90002b884fbc2a86bd303ae847e472f44ecc06c2cd2fcdb2d",
                "sha256:a85d2b46be66a71bedde836d9e41859879cc54a2a04fad1191eb50c2066f6e9d",
                "sha256:a9a52172be0b5aae932bef82a79ec0a0ce87288c7d132946d645eba03f0ad8a8",
                "sha256:aa31fdcc33fef9eb2552cbcbfee7773d5a6792c137b359e82879c101e98584c5",
                "sha256:b014c23646a467558be7da3d6b9fa409b2c567d2110599b7cf9a0c5992b3b471",
                "sha256:b21bb4c09ffabfa0e85e3a6b623e19b80e7acd709b9f91452b8297ace2a8ab00",
                "sha256:b5901a312f4d14c59918c221323068fad0540e34324925c8475263841dbdfe68",
                "sha256:b9b7a708dd92306328117d8c4b62e2194d00c365f18eff11a9b53c6f923b01e3",
                "sha256:d1967f46ea8f2db647c786e78d8cc7e4313dbd1b0aca360592d8027b8508e24d",
                "sha256:d52a25136894c63de15a35bc0bdc5adb4b0e173b9c0d07a2be9d3ca64a332735",
                "sha256:d77c85fedff92cf788face9bfa3ebaa364448ebb1d765302e9af11bf449ca36d",
                "sha256:d79d7d5dc8a32b7093e81e97dad755127ff77bcc899e845f41bf71747af0c569",
                "sha256:dbcda74c67263139358f4d188ae5faae95c30929281bc6866d00573783c422b7",
                "sha256:ddaea91abf8b0d13443f6dac52e89051a5063c7d014710dcb4d4abb2ff811a59",
                "sha256:dee0ce50c6a2dd9056c20db781e9c1cfd33e77d2d569f5d1d9321c641bb903d5",
                "sha256:dee60e1de1898bde3b238f18340eec6148986da0455d8ba7848d50470a7a32fb",
                "sha256:e2f83e18fe2f4c9e7db597e988f72712c0c3676d337d8b101f6758107c42425b",
                "sha256:e3fb1677c720409d5f671e39bac6c9e0e422584e5f518bfd50aa4cbbea02433f",
                "sha256:ee2b1b1769f6707a8a445162ea16dddf74285c3964f605877a20e38545c3c462",
                "sha256:ee6acae74a2b91865910eef5e7de37dc6895ad96fa23603d1d27ea69df545015",
                "sha256:ef3f72c9666bba2bab70d2a8b79f2c6d2c1a42a7f7e2b0ec83bb2f9e383950af"
            ],
            "markers": "python_version >= '3.11'",
            "version": "==1.14.1"
        }
    }
}
